{
  "name": "theme-bootstrap",
  "version": "1.0.0",
  "lockfileVersion": 1,
  "requires": true,
  "dependencies": {
    "bootstrap": {
      "version": "4.6.1",
      "resolved": "https://registry.npmjs.org/bootstrap/-/bootstrap-4.6.1.tgz",
      "integrity": "sha512-0dj+VgI9Ecom+rvvpNZ4MUZJz8dcX7WCX+eTID9+/8HgOkv3dsRzi8BGeZJCQU6flWQVYxwTQnEZFrmJSEO7og=="
    },
    "bootstrap-select": {
      "version": "1.14.0-beta2",
      "resolved": "https://registry.npmjs.org/bootstrap-select/-/bootstrap-select-1.14.0-beta2.tgz",
      "integrity": "sha512-Q63QUbConUwA+/Te7tCJcv0nE3SI/J+rNI5A1mdX1KxP6lW0pFQy+4KVP6VwgZEcwkoPfrwjvAo6WT7fdl+Sdg=="
    },
    "jquery": {
      "version": "3.6.0",
      "resolved": "https://registry.npmjs.org/jquery/-/jquery-3.6.0.tgz",
      "integrity": "sha512-JVzAR/AjBvVt2BmYhxRCSYysDsPcssdmTFnzyLEts9qNwmjmu4JTAMYubEfwVOSwpQ1I1sKKFcxhZCI2buerfw=="
    }
  }
}
